
Microsoft Visual Studio Solution File, Format Version 12.00
# Visual Studio Version 17
VisualStudioVersion = 17.3.32804.467
MinimumVisualStudioVersion = 10.0.40219.1
Project("{FAE04EC0-301F-11D3-BF4B-00C04F79EFBC}") = "ProjetoFilmesAPI", "ProjetoFilmesAPI\ProjetoFilmesAPI.csproj", "{2A555CE6-426C-46B1-9288-EBEEFF39C4A3}"
EndProject
Global
	GlobalSection(SolutionConfigurationPlatforms) = preSolution
		Debug|Any CPU = Debug|Any CPU
		Release|Any CPU = Release|Any CPU
	EndGlobalSection
	GlobalSection(ProjectConfigurationPlatforms) = postSolution
		{2A555CE6-426C-46B1-9288-EBEEFF39C4A3}.Debug|Any CPU.ActiveCfg = Debug|Any CPU
		{2A555CE6-426C-46B1-9288-EBEEFF39C4A3}.Debug|Any CPU.Build.0 = Debug|Any CPU
		{2A555CE6-426C-46B1-9288-EBEEFF39C4A3}.Release|Any CPU.ActiveCfg = Release|Any CPU
		{2A555CE6-426C-46B1-9288-EBEEFF39C4A3}.Release|Any CPU.Build.0 = Release|Any CPU
	EndGlobalSection
	GlobalSection(SolutionProperties) = preSolution
		HideSolutionNode = FALSE
	EndGlobalSection
	GlobalSection(ExtensibilityGlobals) = postSolution
		SolutionGuid = {8ACF55A2-01C0-4488-953B-9E3C1334860F}
	EndGlobalSection
EndGlobal
